{
    "_meta": {
        "hash": {
            "sha256": "d52df852c6ff7798f63213802ca677db131583a7a115a77bee34c390d84019b4"
        },
        "pipfile-spec": 6,
        "requires": {
            "python_version": "3.13"
        },
        "sources": [
            {
                "name": "pypi",
                "url": "https://pypi.org/simple",
                "verify_ssl": true
            }
        ]
    },
    "default": {
        "aiomysql": {
            "hashes": [
                "sha256:558b9c26d580d08b8c5fd1be23c5231ce3aeff2dadad989540fee740253deb67",
                "sha256:b7c26da0daf23a5ec5e0b133c03d20657276e4eae9b73e040b72787f6f6ade0a"
            ],
            "index": "pypi",
            "markers": "python_version >= '3.7'",
            "version": "==0.2.0"
        },
        "aiosqlite": {
            "hashes": [
                "sha256:36a1deaca0cac40ebe32aac9977a6e2bbc7f5189f23f4a54d5908986729e5bd6",
                "sha256:6d35c8c256637f4672f843c31021464090805bf925385ac39473fb16eaaca3d7"
            ],
            "markers": "python_version >= '3.8'",
            "version": "==0.20.0"
        },
        "iso8601": {
            "hashes": [
                "sha256:6b1d3829ee8921c4301998c909f7829fa9ed3cbdac0d3b16af2d743aed1ba8df",
                "sha256:aac4145c4dcb66ad8b648a02830f5e2ff6c24af20f4f482689be402db2429242"
            ],
            "markers": "python_version >= '3.7' and python_version < '4.0'",
            "version": "==2.1.0"
        },
        "pymysql": {
            "hashes": [
                "sha256:4de15da4c61dc132f4fb9ab763063e693d521a80fd0e87943b9a453dd4c19d6c",
                "sha256:e127611aaf2b417403c60bf4dc570124aeb4a57f5f37b8e95ae399a42f904cd0"
            ],
            "markers": "python_version >= '3.7'",
            "version": "==1.1.1"
        },
        "pypika-tortoise": {
            "hashes": [
                "sha256:c5c52bc4473fe6f3db36cf659340750246ec5dd0f980d04ae7811430e299c3a2",
                "sha256:f5d508e2ef00255e52ec6ac79ef889e10dbab328f218c55cd134c4d02ff9f6f4"
            ],
            "markers": "python_version >= '3.8' and python_version < '4.0'",
            "version": "==0.3.2"
        },
        "pytz": {
            "hashes": [
                "sha256:2aa355083c50a0f93fa581709deac0c9ad65cca8a9e9beac660adcbd493c798a",
                "sha256:31c7c1817eb7fae7ca4b8c7ee50c72f93aa2dd863de768e1ef4245d426aa0725"
            ],
            "version": "==2024.2"
        },
        "tortoise-orm": {
            "extras": [
                "aiomysql"
            ],
            "hashes": [
                "sha256:deaabed1619ea8aab6213508dff025571a701b7f34ee534473d7bb7661aa9f4f",
                "sha256:f25d431ef4fb521a84edad582f4b9c53dccc5abf6cfbc6f228cbece5a13952fa"
            ],
            "markers": "python_version >= '3.8' and python_version < '4.0'",
            "version": "==0.23.0"
        },
        "typing-extensions": {
            "hashes": [
                "sha256:04e5ca0351e0f3f85c6853954072df659d0d13fac324d0072316b67d7794700d",
                "sha256:1a7ead55c7e559dd4dee8856e3a88b41225abfe1ce8df57b7c13915fe121ffb8"
            ],
            "markers": "python_version >= '3.8'",
            "version": "==4.12.2"
        }
    },
    "develop": {}
}
